
Microsoft Visual Studio Solution File, Format Version 12.00
# Visual Studio Version 16
VisualStudioVersion = 16.0.31729.503
MinimumVisualStudioVersion = 10.0.40219.1
Project("{FAE04EC0-301F-11D3-BF4B-00C04F79EFBC}") = "StockTradingSimulator", "StockTradingSimulator.csproj", "{EFB2DE70-05DA-4747-8686-9C7FF2173EF1}"
EndProject
Global
	GlobalSection(SolutionConfigurationPlatforms) = preSolution
		Debug|Any CPU = Debug|Any CPU
		Release|Any CPU = Release|Any CPU
	EndGlobalSection
	GlobalSection(ProjectConfigurationPlatforms) = postSolution
		{EFB2DE70-05DA-4747-8686-9C7FF2173EF1}.Debug|Any CPU.ActiveCfg = Debug|Any CPU
		{EFB2DE70-05DA-4747-8686-9C7FF2173EF1}.Debug|Any CPU.Build.0 = Debug|Any CPU
		{EFB2DE70-05DA-4747-8686-9C7FF2173EF1}.Release|Any CPU.ActiveCfg = Release|Any CPU
		{EFB2DE70-05DA-4747-8686-9C7FF2173EF1}.Release|Any CPU.Build.0 = Release|Any CPU
	EndGlobalSection
	GlobalSection(SolutionProperties) = preSolution
		HideSolutionNode = FALSE
	EndGlobalSection
	GlobalSection(ExtensibilityGlobals) = postSolution
		SolutionGuid = {4A409A21-7107-486C-9D3A-CE8F5B99A918}
	EndGlobalSection
EndGlobal
